{
  "name": "secstuff",
  "version": "1.0.0",
  "lockfileVersion": 1,
  "requires": true,
  "dependencies": {
    "bulma": {
      "version": "0.7.4",
      "resolved": "https://registry.npmjs.org/bulma/-/bulma-0.7.4.tgz",
      "integrity": "sha512-krG2rP6eAX1WE0sf6O0SC/FUVSOBX4m1PBC2+GKLpb2pX0qanaDqcv9U2nu75egFrsHkI0zdWYuk/oGwoszVWg=="
    },
    "bulma-carousel": {
      "version": "4.0.4",
      "resolved": "https://registry.npmjs.org/bulma-carousel/-/bulma-carousel-4.0.4.tgz",
      "integrity": "sha512-fxARvrPZ0meiVMkxI1ayK2RBd9YUNPc7FFnDpD+SgPnQdZgW+VAvHM8YdR3BJfnmR9lNWNqfKR/hk7Ko0GP2tA=="
    }
  }
}
